
Microsoft Visual Studio Solution File, Format Version 12.00
# Visual Studio 14
VisualStudioVersion = 14.0.22609.0
MinimumVisualStudioVersion = 10.0.40219.1
Project("{FAE04EC0-301F-11D3-BF4B-00C04F79EFBC}") = "SJKP.AzureBootCamp2015.TwitterIngest", "SJKP.AzureBootCamp2015.TwitterIngest\SJKP.AzureBootCamp2015.TwitterIngest.csproj", "{F877BC4D-5586-4DC8-8421-6F693B1F612C}"
EndProject
Project("{FAE04EC0-301F-11D3-BF4B-00C04F79EFBC}") = "SJKP.AzureBootcamp2015.TwitterEventHubReader", "SJKP.AzureBootcamp2015.TwitterEventHubReader\SJKP.AzureBootcamp2015.TwitterEventHubReader.csproj", "{7E28BD1F-A468-44E9-B605-843773533D72}"
EndProject
Project("{FAE04EC0-301F-11D3-BF4B-00C04F79EFBC}") = "SJKP.AzurebootCamp.DataFactoryActivity", "SJKP.AzurebootCamp.DataFactoryActivity\SJKP.AzurebootCamp.DataFactoryActivity.csproj", "{3E9327FD-AEB5-4A1C-8CBF-DC475F2254E3}"
EndProject
Project("{FAE04EC0-301F-11D3-BF4B-00C04F79EFBC}") = "SJKP.AzureBootcamp2015.Test", "SJKP.AzureBootcamp2015.Test\SJKP.AzureBootcamp2015.Test.csproj", "{EABCC156-3791-469F-B139-85933789E550}"
EndProject
Global
	GlobalSection(SolutionConfigurationPlatforms) = preSolution
		Debug|Any CPU = Debug|Any CPU
		Debug|ARM = Debug|ARM
		Debug|x64 = Debug|x64
		Debug|x86 = Debug|x86
		Release|Any CPU = Release|Any CPU
		Release|ARM = Release|ARM
		Release|x64 = Release|x64
		Release|x86 = Release|x86
	EndGlobalSection
	GlobalSection(ProjectConfigurationPlatforms) = postSolution
		{F877BC4D-5586-4DC8-8421-6F693B1F612C}.Debug|Any CPU.ActiveCfg = Debug|Any CPU
		{F877BC4D-5586-4DC8-8421-6F693B1F612C}.Debug|Any CPU.Build.0 = Debug|Any CPU
		{F877BC4D-5586-4DC8-8421-6F693B1F612C}.Debug|ARM.ActiveCfg = Debug|Any CPU
		{F877BC4D-5586-4DC8-8421-6F693B1F612C}.Debug|ARM.Build.0 = Debug|Any CPU
		{F877BC4D-5586-4DC8-8421-6F693B1F612C}.Debug|x64.ActiveCfg = Debug|Any CPU
		{F877BC4D-5586-4DC8-8421-6F693B1F612C}.Debug|x64.Build.0 = Debug|Any CPU
		{F877BC4D-5586-4DC8-8421-6F693B1F612C}.Debug|x86.ActiveCfg = Debug|Any CPU
		{F877BC4D-5586-4DC8-8421-6F693B1F612C}.Debug|x86.Build.0 = Debug|Any CPU
		{F877BC4D-5586-4DC8-8421-6F693B1F612C}.Release|Any CPU.ActiveCfg = Release|Any CPU
		{F877BC4D-5586-4DC8-8421-6F693B1F612C}.Release|Any CPU.Build.0 = Release|Any CPU
		{F877BC4D-5586-4DC8-8421-6F693B1F612C}.Release|ARM.ActiveCfg = Release|Any CPU
		{F877BC4D-5586-4DC8-8421-6F693B1F612C}.Release|ARM.Build.0 = Release|Any CPU
		{F877BC4D-5586-4DC8-8421-6F693B1F612C}.Release|x64.ActiveCfg = Release|Any CPU
		{F877BC4D-5586-4DC8-8421-6F693B1F612C}.Release|x64.Build.0 = Release|Any CPU
		{F877BC4D-5586-4DC8-8421-6F693B1F612C}.Release|x86.ActiveCfg = Release|Any CPU
		{F877BC4D-5586-4DC8-8421-6F693B1F612C}.Release|x86.Build.0 = Release|Any CPU
		{7E28BD1F-A468-44E9-B605-843773533D72}.Debug|Any CPU.ActiveCfg = Debug|Any CPU
		{7E28BD1F-A468-44E9-B605-843773533D72}.Debug|Any CPU.Build.0 = Debug|Any CPU
		{7E28BD1F-A468-44E9-B605-843773533D72}.Debug|ARM.ActiveCfg = Debug|Any CPU
		{7E28BD1F-A468-44E9-B605-843773533D72}.Debug|ARM.Build.0 = Debug|Any CPU
		{7E28BD1F-A468-44E9-B605-843773533D72}.Debug|x64.ActiveCfg = Debug|Any CPU
		{7E28BD1F-A468-44E9-B605-843773533D72}.Debug|x64.Build.0 = Debug|Any CPU
		{7E28BD1F-A468-44E9-B605-843773533D72}.Debug|x86.ActiveCfg = Debug|Any CPU
		{7E28BD1F-A468-44E9-B605-843773533D72}.Debug|x86.Build.0 = Debug|Any CPU
		{7E28BD1F-A468-44E9-B605-843773533D72}.Release|Any CPU.ActiveCfg = Release|Any CPU
		{7E28BD1F-A468-44E9-B605-843773533D72}.Release|Any CPU.Build.0 = Release|Any CPU
		{7E28BD1F-A468-44E9-B605-843773533D72}.Release|ARM.ActiveCfg = Release|Any CPU
		{7E28BD1F-A468-44E9-B605-843773533D72}.Release|ARM.Build.0 = Release|Any CPU
		{7E28BD1F-A468-44E9-B605-843773533D72}.Release|x64.ActiveCfg = Release|Any CPU
		{7E28BD1F-A468-44E9-B605-843773533D72}.Release|x64.Build.0 = Release|Any CPU
		{7E28BD1F-A468-44E9-B605-843773533D72}.Release|x86.ActiveCfg = Release|Any CPU
		{7E28BD1F-A468-44E9-B605-843773533D72}.Release|x86.Build.0 = Release|Any CPU
		{3E9327FD-AEB5-4A1C-8CBF-DC475F2254E3}.Debug|Any CPU.ActiveCfg = Debug|Any CPU
		{3E9327FD-AEB5-4A1C-8CBF-DC475F2254E3}.Debug|Any CPU.Build.0 = Debug|Any CPU
		{3E9327FD-AEB5-4A1C-8CBF-DC475F2254E3}.Debug|ARM.ActiveCfg = Debug|Any CPU
		{3E9327FD-AEB5-4A1C-8CBF-DC475F2254E3}.Debug|ARM.Build.0 = Debug|Any CPU
		{3E9327FD-AEB5-4A1C-8CBF-DC475F2254E3}.Debug|x64.ActiveCfg = Debug|Any CPU
		{3E9327FD-AEB5-4A1C-8CBF-DC475F2254E3}.Debug|x64.Build.0 = Debug|Any CPU
		{3E9327FD-AEB5-4A1C-8CBF-DC475F2254E3}.Debug|x86.ActiveCfg = Debug|Any CPU
		{3E9327FD-AEB5-4A1C-8CBF-DC475F2254E3}.Debug|x86.Build.0 = Debug|Any CPU
		{3E9327FD-AEB5-4A1C-8CBF-DC475F2254E3}.Release|Any CPU.ActiveCfg = Release|Any CPU
		{3E9327FD-AEB5-4A1C-8CBF-DC475F2254E3}.Release|Any CPU.Build.0 = Release|Any CPU
		{3E9327FD-AEB5-4A1C-8CBF-DC475F2254E3}.Release|ARM.ActiveCfg = Release|Any CPU
		{3E9327FD-AEB5-4A1C-8CBF-DC475F2254E3}.Release|ARM.Build.0 = Release|Any CPU
		{3E9327FD-AEB5-4A1C-8CBF-DC475F2254E3}.Release|x64.ActiveCfg = Release|Any CPU
		{3E9327FD-AEB5-4A1C-8CBF-DC475F2254E3}.Release|x64.Build.0 = Release|Any CPU
		{3E9327FD-AEB5-4A1C-8CBF-DC475F2254E3}.Release|x86.ActiveCfg = Release|Any CPU
		{3E9327FD-AEB5-4A1C-8CBF-DC475F2254E3}.Release|x86.Build.0 = Release|Any CPU
		{EABCC156-3791-469F-B139-85933789E550}.Debug|Any CPU.ActiveCfg = Debug|Any CPU
		{EABCC156-3791-469F-B139-85933789E550}.Debug|Any CPU.Build.0 = Debug|Any CPU
		{EABCC156-3791-469F-B139-85933789E550}.Debug|ARM.ActiveCfg = Debug|Any CPU
		{EABCC156-3791-469F-B139-85933789E550}.Debug|ARM.Build.0 = Debug|Any CPU
		{EABCC156-3791-469F-B139-85933789E550}.Debug|x64.ActiveCfg = Debug|Any CPU
		{EABCC156-3791-469F-B139-85933789E550}.Debug|x64.Build.0 = Debug|Any CPU
		{EABCC156-3791-469F-B139-85933789E550}.Debug|x86.ActiveCfg = Debug|Any CPU
		{EABCC156-3791-469F-B139-85933789E550}.Debug|x86.Build.0 = Debug|Any CPU
		{EABCC156-3791-469F-B139-85933789E550}.Release|Any CPU.ActiveCfg = Release|Any CPU
		{EABCC156-3791-469F-B139-85933789E550}.Release|Any CPU.Build.0 = Release|Any CPU
		{EABCC156-3791-469F-B139-85933789E550}.Release|ARM.ActiveCfg = Release|Any CPU
		{EABCC156-3791-469F-B139-85933789E550}.Release|ARM.Build.0 = Release|Any CPU
		{EABCC156-3791-469F-B139-85933789E550}.Release|x64.ActiveCfg = Release|Any CPU
		{EABCC156-3791-469F-B139-85933789E550}.Release|x64.Build.0 = Release|Any CPU
		{EABCC156-3791-469F-B139-85933789E550}.Release|x86.ActiveCfg = Release|Any CPU
		{EABCC156-3791-469F-B139-85933789E550}.Release|x86.Build.0 = Release|Any CPU
	EndGlobalSection
	GlobalSection(SolutionProperties) = preSolution
		HideSolutionNode = FALSE
	EndGlobalSection
EndGlobal
